
Microsoft Visual Studio Solution File, Format Version 10.00
# Visual Studio 2008
Project("{FAE04EC0-301F-11D3-BF4B-00C04F79EFBC}") = "GDP_Simulation_Demo_V1", "GDP_Simulation_Demo_V1\GDP_Simulation_Demo_V1.csproj", "{B27768C5-17BB-472B-9328-A198C9294041}"
EndProject
Global
	GlobalSection(SolutionConfigurationPlatforms) = preSolution
		Debug|Any CPU = Debug|Any CPU
		Release|Any CPU = Release|Any CPU
	EndGlobalSection
	GlobalSection(ProjectConfigurationPlatforms) = postSolution
		{B27768C5-17BB-472B-9328-A198C9294041}.Debug|Any CPU.ActiveCfg = Debug|Any CPU
		{B27768C5-17BB-472B-9328-A198C9294041}.Debug|Any CPU.Build.0 = Debug|Any CPU
		{B27768C5-17BB-472B-9328-A198C9294041}.Release|Any CPU.ActiveCfg = Release|Any CPU
		{B27768C5-17BB-472B-9328-A198C9294041}.Release|Any CPU.Build.0 = Release|Any CPU
	EndGlobalSection
	GlobalSection(SolutionProperties) = preSolution
		HideSolutionNode = FALSE
	EndGlobalSection
EndGlobal
